
Microsoft Visual Studio Solution File, Format Version 12.00
# Visual Studio Version 16
VisualStudioVersion = 16.0.30128.74
MinimumVisualStudioVersion = 10.0.40219.1
Project("{FAE04EC0-301F-11D3-BF4B-00C04F79EFBC}") = "CoinBaseClient", "CoinBaseClient\CoinBaseClient.csproj", "{6D8E3797-8B35-4CC0-A1E3-A806D6BE199E}"
EndProject
Global
	GlobalSection(SolutionConfigurationPlatforms) = preSolution
		Debug|Any CPU = Debug|Any CPU
		Release|Any CPU = Release|Any CPU
	EndGlobalSection
	GlobalSection(ProjectConfigurationPlatforms) = postSolution
		{6D8E3797-8B35-4CC0-A1E3-A806D6BE199E}.Debug|Any CPU.ActiveCfg = Debug|Any CPU
		{6D8E3797-8B35-4CC0-A1E3-A806D6BE199E}.Debug|Any CPU.Build.0 = Debug|Any CPU
		{6D8E3797-8B35-4CC0-A1E3-A806D6BE199E}.Release|Any CPU.ActiveCfg = Release|Any CPU
		{6D8E3797-8B35-4CC0-A1E3-A806D6BE199E}.Release|Any CPU.Build.0 = Release|Any CPU
	EndGlobalSection
	GlobalSection(SolutionProperties) = preSolution
		HideSolutionNode = FALSE
	EndGlobalSection
	GlobalSection(ExtensibilityGlobals) = postSolution
		SolutionGuid = {F9AB6771-CE32-447E-BCEF-8DA27D56BF26}
	EndGlobalSection
EndGlobal
